
Microsoft Visual Studio Solution File, Format Version 12.00
# Visual Studio Version 17
VisualStudioVersion = 17.0.31903.59
MinimumVisualStudioVersion = 10.0.40219.1
Project("{9A19103F-16F7-4668-BE54-9A1E7A4F7556}") = "MyLambda", "src\MyLambda\MyLambda.csproj", "{BDDBD988-8F95-4ACC-9CE7-48346C1F75B7}"
EndProject
Project("{2150E333-8FDC-42A3-9474-1A3956D46DE8}") = "Solution Items", "Solution Items", "{C8D887F1-522C-4776-9E63-D71937D38058}"
	ProjectSection(SolutionItems) = preProject
		template.yml = template.yml
	EndProjectSection
EndProject
Global
	GlobalSection(SolutionConfigurationPlatforms) = preSolution
		Debug|Any CPU = Debug|Any CPU
		Release|Any CPU = Release|Any CPU
	EndGlobalSection
	GlobalSection(ProjectConfigurationPlatforms) = postSolution
		{BDDBD988-8F95-4ACC-9CE7-48346C1F75B7}.Debug|Any CPU.ActiveCfg = Debug|Any CPU
		{BDDBD988-8F95-4ACC-9CE7-48346C1F75B7}.Debug|Any CPU.Build.0 = Debug|Any CPU
		{BDDBD988-8F95-4ACC-9CE7-48346C1F75B7}.Release|Any CPU.ActiveCfg = Release|Any CPU
		{BDDBD988-8F95-4ACC-9CE7-48346C1F75B7}.Release|Any CPU.Build.0 = Release|Any CPU
	EndGlobalSection
	GlobalSection(SolutionProperties) = preSolution
		HideSolutionNode = FALSE
	EndGlobalSection
	GlobalSection(ExtensibilityGlobals) = postSolution
		SolutionGuid = {29EE5412-B12B-4A26-B65E-2815B0850E88}
	EndGlobalSection
EndGlobal
